
Microsoft Visual Studio Solution File, Format Version 12.00
Project("{FAE04EC0-301F-11D3-BF4B-00C04F79EFBC}") = "ProductsApi", "ProductsApi\ProductsApi.csproj", "{0C69EE35-B780-4DA9-A679-33292D82291F}"
EndProject
Project("{2150E333-8FDC-42A3-9474-1A3956D46DE8}") = "Solution Items", "Solution Items", "{FA348A08-D53A-4A60-9ADC-8E182DA4D29D}"
	ProjectSection(SolutionItems) = preProject
		compose.yaml = compose.yaml
		.env = .env
	EndProjectSection
EndProject
Project("{FAE04EC0-301F-11D3-BF4B-00C04F79EFBC}") = "ProductsMigrations", "ProductsMigrations\ProductsMigrations.csproj", "{B786B4F1-F1FA-407C-9A79-08ED7E0A7D28}"
EndProject
Global
	GlobalSection(SolutionConfigurationPlatforms) = preSolution
		Debug|Any CPU = Debug|Any CPU
		Release|Any CPU = Release|Any CPU
	EndGlobalSection
	GlobalSection(ProjectConfigurationPlatforms) = postSolution
		{0C69EE35-B780-4DA9-A679-33292D82291F}.Debug|Any CPU.ActiveCfg = Debug|Any CPU
		{0C69EE35-B780-4DA9-A679-33292D82291F}.Debug|Any CPU.Build.0 = Debug|Any CPU
		{0C69EE35-B780-4DA9-A679-33292D82291F}.Release|Any CPU.ActiveCfg = Release|Any CPU
		{0C69EE35-B780-4DA9-A679-33292D82291F}.Release|Any CPU.Build.0 = Release|Any CPU
		{B786B4F1-F1FA-407C-9A79-08ED7E0A7D28}.Debug|Any CPU.ActiveCfg = Debug|Any CPU
		{B786B4F1-F1FA-407C-9A79-08ED7E0A7D28}.Debug|Any CPU.Build.0 = Debug|Any CPU
		{B786B4F1-F1FA-407C-9A79-08ED7E0A7D28}.Release|Any CPU.ActiveCfg = Release|Any CPU
		{B786B4F1-F1FA-407C-9A79-08ED7E0A7D28}.Release|Any CPU.Build.0 = Release|Any CPU
	EndGlobalSection
EndGlobal
